// !$*UTF8*$!
{
	archiveVersion = 1;
	classes = {
	};
	objectVersion = 55;
	objects = {

/* Begin PBXBuildFile section */
		A51472A427B5913300585FB9 /* BookContentView.swift in Sources */ = {isa = PBXBuildFile; fileRef = A51472A327B5913300585FB9 /* BookContentView.swift */; };
		A55C728427B7C72000531FE2 /* PagesView.swift in Sources */ = {isa = PBXBuildFile; fileRef = A55C728327B7C72000531FE2 /* PagesView.swift */; };
		A57F467927B2B1B0001C4E76 /* Library_appApp.swift in Sources */ = {isa = PBXBuildFile; fileRef = A57F467827B2B1B0001C4E76 /* Library_appApp.swift */; };
		A57F467B27B2B1B0001C4E76 /* BeginView.swift in Sources */ = {isa = PBXBuildFile; fileRef = A57F467A27B2B1B0001C4E76 /* BeginView.swift */; };
		A57F467D27B2B1B1001C4E76 /* Assets.xcassets in Resources */ = {isa = PBXBuildFile; fileRef = A57F467C27B2B1B1001C4E76 /* Assets.xcassets */; };
		A57F468027B2B1B1001C4E76 /* Preview Assets.xcassets in Resources */ = {isa = PBXBuildFile; fileRef = A57F467F27B2B1B1001C4E76 /* Preview Assets.xcassets */; };
		A57F468C27B2B27C001C4E76 /* Data.json in Resources */ = {isa = PBXBuildFile; fileRef = A57F468B27B2B27C001C4E76 /* Data.json */; };
		A57F468F27B2B35C001C4E76 /* Book.swift in Sources */ = {isa = PBXBuildFile; fileRef = A57F468E27B2B35C001C4E76 /* Book.swift */; };
		A57F469127B2B438001C4E76 /* BookModel.swift in Sources */ = {isa = PBXBuildFile; fileRef = A57F469027B2B438001C4E76 /* BookModel.swift */; };
		A57F469327B2B49A001C4E76 /* Service.swift in Sources */ = {isa = PBXBuildFile; fileRef = A57F469227B2B49A001C4E76 /* Service.swift */; };
		A57F469527B2B817001C4E76 /* BookCardView.swift in Sources */ = {isa = PBXBuildFile; fileRef = A57F469427B2B817001C4E76 /* BookCardView.swift */; };
/* End PBXBuildFile section */

/* Begin PBXFileReference section */
		A51472A327B5913300585FB9 /* BookContentView.swift */ = {isa = PBXFileReference; lastKnownFileType = sourcecode.swift; path = BookContentView.swift; sourceTree = "<group>"; };
		A55C728327B7C72000531FE2 /* PagesView.swift */ = {isa = PBXFileReference; lastKnownFileType = sourcecode.swift; path = PagesView.swift; sourceTree = "<group>"; };
		A57F467527B2B1B0001C4E76 /* Library app.app */ = {isa = PBXFileReference; explicitFileType = wrapper.application; includeInIndex = 0; path = "Library app.app"; sourceTree = BUILT_PRODUCTS_DIR; };
		A57F467827B2B1B0001C4E76 /* Library_appApp.swift */ = {isa = PBXFileReference; lastKnownFileType = sourcecode.swift; path = Library_appApp.swift; sourceTree = "<group>"; };
		A57F467A27B2B1B0001C4E76 /* BeginView.swift */ = {isa = PBXFileReference; lastKnownFileType = sourcecode.swift; path = BeginView.swift; sourceTree = "<group>"; };
		A57F467C27B2B1B1001C4E76 /* Assets.xcassets */ = {isa = PBXFileReference; lastKnownFileType = folder.assetcatalog; path = Assets.xcassets; sourceTree = "<group>"; };
		A57F467F27B2B1B1001C4E76 /* Preview Assets.xcassets */ = {isa = PBXFileReference; lastKnownFileType = folder.assetcatalog; path = "Preview Assets.xcassets"; sourceTree = "<group>"; };
		A57F468B27B2B27C001C4E76 /* Data.json */ = {isa = PBXFileReference; fileEncoding = 4; lastKnownFileType = text.json; path = Data.json; sourceTree = "<group>"; };
		A57F468E27B2B35C001C4E76 /* Book.swift */ = {isa = PBXFileReference; lastKnownFileType = sourcecode.swift; path = Book.swift; sourceTree = "<group>"; };
		A57F469027B2B438001C4E76 /* BookModel.swift */ = {isa = PBXFileReference; lastKnownFileType = sourcecode.swift; path = BookModel.swift; sourceTree = "<group>"; };
		A57F469227B2B49A001C4E76 /* Service.swift */ = {isa = PBXFileReference; lastKnownFileType = sourcecode.swift; path = Service.swift; sourceTree = "<group>"; };
		A57F469427B2B817001C4E76 /* BookCardView.swift */ = {isa = PBXFileReference; lastKnownFileType = sourcecode.swift; path = BookCardView.swift; sourceTree = "<group>"; };
/* End PBXFileReference section */

/* Begin PBXFrameworksBuildPhase section */
		A57F467227B2B1B0001C4E76 /* Frameworks */ = {
			isa = PBXFrameworksBuildPhase;
			buildActionMask = 2147483647;
			files = (
			);
			runOnlyForDeploymentPostprocessing = 0;
		};
/* End PBXFrameworksBuildPhase section */

/* Begin PBXGroup section */
		A57F466C27B2B1B0001C4E76 = {
			isa = PBXGroup;
			children = (
				A57F467727B2B1B0001C4E76 /* Library app */,
				A57F467627B2B1B0001C4E76 /* Products */,
			);
			sourceTree = "<group>";
		};
		A57F467627B2B1B0001C4E76 /* Products */ = {
			isa = PBXGroup;
			children = (
				A57F467527B2B1B0001C4E76 /* Library app.app */,
			);
			name = Products;
			sourceTree = "<group>";
		};
		A57F467727B2B1B0001C4E76 /* Library app */ = {
			isa = PBXGroup;
			children = (
				A57F467827B2B1B0001C4E76 /* Library_appApp.swift */,
				A57F468A27B2B1F9001C4E76 /* Views */,
				A57F468927B2B1F1001C4E76 /* Viewmodels */,
				A57F468827B2B1E8001C4E76 /* Models */,
				A57F468627B2B1BA001C4E76 /* Services */,
				A57F468727B2B1DD001C4E76 /* Data */,
				A57F467C27B2B1B1001C4E76 /* Assets.xcassets */,
				A57F467E27B2B1B1001C4E76 /* Preview Content */,
			);
			path = "Library app";
			sourceTree = "<group>";
		};
		A57F467E27B2B1B1001C4E76 /* Preview Content */ = {
			isa = PBXGroup;
			children = (
				A57F467F27B2B1B1001C4E76 /* Preview Assets.xcassets */,
			);
			path = "Preview Content";
			sourceTree = "<group>";
		};
		A57F468627B2B1BA001C4E76 /* Services */ = {
			isa = PBXGroup;
			children = (
				A57F469227B2B49A001C4E76 /* Service.swift */,
			);
			path = Services;
			sourceTree = "<group>";
		};
		A57F468727B2B1DD001C4E76 /* Data */ = {
			isa = PBXGroup;
			children = (
				A57F468B27B2B27C001C4E76 /* Data.json */,
			);
			path = Data;
			sourceTree = "<group>";
		};
		A57F468827B2B1E8001C4E76 /* Models */ = {
			isa = PBXGroup;
			children = (
				A57F468E27B2B35C001C4E76 /* Book.swift */,
			);
			path = Models;
			sourceTree = "<group>";
		};
		A57F468927B2B1F1001C4E76 /* Viewmodels */ = {
			isa = PBXGroup;
			children = (
				A57F469027B2B438001C4E76 /* BookModel.swift */,
			);
			path = Viewmodels;
			sourceTree = "<group>";
		};
		A57F468A27B2B1F9001C4E76 /* Views */ = {
			isa = PBXGroup;
			children = (
				A57F467A27B2B1B0001C4E76 /* BeginView.swift */,
				A51472A327B5913300585FB9 /* BookContentView.swift */,
				A55C728327B7C72000531FE2 /* PagesView.swift */,
				A57F469427B2B817001C4E76 /* BookCardView.swift */,
			);
			path = Views;
			sourceTree = "<group>";
		};
/* End PBXGroup section */

/* Begin PBXNativeTarget section */
		A57F467427B2B1B0001C4E76 /* Library app */ = {
			isa = PBXNativeTarget;
			buildConfigurationList = A57F468327B2B1B1001C4E76 /* Build configuration list for PBXNativeTarget "Library app" */;
			buildPhases = (
				A57F467127B2B1B0001C4E76 /* Sources */,
				A57F467227B2B1B0001C4E76 /* Frameworks */,
				A57F467327B2B1B0001C4E76 /* Resources */,
			);
			buildRules = (
			);
			dependencies = (
			);
			name = "Library app";
			productName = "Library app";
			productReference = A57F467527B2B1B0001C4E76 /* Library app.app */;
			productType = "com.apple.product-type.application";
		};
/* End PBXNativeTarget section */

/* Begin PBXProject section */
		A57F466D27B2B1B0001C4E76 /* Project object */ = {
			isa = PBXProject;
			attributes = {
				BuildIndependentTargetsInParallel = 1;
				LastSwiftUpdateCheck = 1320;
				LastUpgradeCheck = 1320;
				TargetAttributes = {
					A57F467427B2B1B0001C4E76 = {
						CreatedOnToolsVersion = 13.2.1;
					};
				};
			};
			buildConfigurationList = A57F467027B2B1B0001C4E76 /* Build configuration list for PBXProject "Library app" */;
			compatibilityVersion = "Xcode 13.0";
			developmentRegion = en;
			hasScannedForEncodings = 0;
			knownRegions = (
				en,
				Base,
			);
			mainGroup = A57F466C27B2B1B0001C4E76;
			productRefGroup = A57F467627B2B1B0001C4E76 /* Products */;
			projectDirPath = "";
			projectRoot = "";
			targets = (
				A57F467427B2B1B0001C4E76 /* Library app */,
			);
		};
/* End PBXProject section */

/* Begin PBXResourcesBuildPhase section */
		A57F467327B2B1B0001C4E76 /* Resources */ = {
			isa = PBXResourcesBuildPhase;
			buildActionMask = 2147483647;
			files = (
				A57F468027B2B1B1001C4E76 /* Preview Assets.xcassets in Resources */,
				A57F467D27B2B1B1001C4E76 /* Assets.xcassets in Resources */,
				A57F468C27B2B27C001C4E76 /* Data.json in Resources */,
			);
			runOnlyForDeploymentPostprocessing = 0;
		};
/* End PBXResourcesBuildPhase section */

/* Begin PBXSourcesBuildPhase section */
		A57F467127B2B1B0001C4E76 /* Sources */ = {
			isa = PBXSourcesBuildPhase;
			buildActionMask = 2147483647;
			files = (
				A57F467B27B2B1B0001C4E76 /* BeginView.swift in Sources */,
				A51472A427B5913300585FB9 /* BookContentView.swift in Sources */,
				A57F469527B2B817001C4E76 /* BookCardView.swift in Sources */,
				A57F467927B2B1B0001C4E76 /* Library_appApp.swift in Sources */,
				A57F469327B2B49A001C4E76 /* Service.swift in Sources */,
				A55C728427B7C72000531FE2 /* PagesView.swift in Sources */,
				A57F469127B2B438001C4E76 /* BookModel.swift in Sources */,
				A57F468F27B2B35C001C4E76 /* Book.swift in Sources */,
			);
			runOnlyForDeploymentPostprocessing = 0;
		};
/* End PBXSourcesBuildPhase section */

/* Begin XCBuildConfiguration section */
		A57F468127B2B1B1001C4E76 /* Debug */ = {
			isa = XCBuildConfiguration;
			buildSettings = {
				ALWAYS_SEARCH_USER_PATHS = NO;
				CLANG_ANALYZER_NONNULL = YES;
				CLANG_ANALYZER_NUMBER_OBJECT_CONVERSION = YES_AGGRESSIVE;
				CLANG_CXX_LANGUAGE_STANDARD = "gnu++17";
				CLANG_CXX_LIBRARY = "libc++";
				CLANG_ENABLE_MODULES = YES;
				CLANG_ENABLE_OBJC_ARC = YES;
				CLANG_ENABLE_OBJC_WEAK = YES;
				CLANG_WARN_BLOCK_CAPTURE_AUTORELEASING = YES;
				CLANG_WARN_BOOL_CONVERSION = YES;
				CLANG_WARN_COMMA = YES;
				CLANG_WARN_CONSTANT_CONVERSION = YES;
				CLANG_WARN_DEPRECATED_OBJC_IMPLEMENTATIONS = YES;
				CLANG_WARN_DIRECT_OBJC_ISA_USAGE = YES_ERROR;
				CLANG_WARN_DOCUMENTATION_COMMENTS = YES;
				CLANG_WARN_EMPTY_BODY = YES;
				CLANG_WARN_ENUM_CONVERSION = YES;
				CLANG_WARN_INFINITE_RECURSION = YES;
				CLANG_WARN_INT_CONVERSION = YES;
				CLANG_WARN_NON_LITERAL_NULL_CONVERSION = YES;
				CLANG_WARN_OBJC_IMPLICIT_RETAIN_SELF = YES;
				CLANG_WARN_OBJC_LITERAL_CONVERSION = YES;
				CLANG_WARN_OBJC_ROOT_CLASS = YES_ERROR;
				CLANG_WARN_QUOTED_INCLUDE_IN_FRAMEWORK_HEADER = YES;
				CLANG_WARN_RANGE_LOOP_ANALYSIS = YES;
				CLANG_WARN_STRICT_PROTOTYPES = YES;
				CLANG_WARN_SUSPICIOUS_MOVE = YES;
				CLANG_WARN_UNGUARDED_AVAILABILITY = YES_AGGRESSIVE;
				CLANG_WARN_UNREACHABLE_CODE = YES;
				CLANG_WARN__DUPLICATE_METHOD_MATCH = YES;
				COPY_PHASE_STRIP = NO;
				DEBUG_INFORMATION_FORMAT = dwarf;
				ENABLE_STRICT_OBJC_MSGSEND = YES;
				ENABLE_TESTABILITY = YES;
				GCC_C_LANGUAGE_STANDARD = gnu11;
				GCC_DYNAMIC_NO_PIC = NO;
				GCC_NO_COMMON_BLOCKS = YES;
				GCC_OPTIMIZATION_LEVEL = 0;
				GCC_PREPROCESSOR_DEFINITIONS = (
					"DEBUG=1",
					"$(inherited)",
				);
				GCC_WARN_64_TO_32_BIT_CONVERSION = YES;
				GCC_WARN_ABOUT_RETURN_TYPE = YES_ERROR;
				GCC_WARN_UNDECLARED_SELECTOR = YES;
				GCC_WARN_UNINITIALIZED_AUTOS = YES_AGGRESSIVE;
				GCC_WARN_UNUSED_FUNCTION = YES;
				GCC_WARN_UNUSED_VARIABLE = YES;
				IPHONEOS_DEPLOYMENT_TARGET = 15.2;
				MTL_ENABLE_DEBUG_INFO = INCLUDE_SOURCE;
				MTL_FAST_MATH = YES;
				ONLY_ACTIVE_ARCH = YES;
				SDKROOT = iphoneos;
				SWIFT_ACTIVE_COMPILATION_CONDITIONS = DEBUG;
				SWIFT_OPTIMIZATION_LEVEL = "-Onone";
			};
			name = Debug;
		};
		A57F468227B2B1B1001C4E76 /* Release */ = {
			isa = XCBuildConfiguration;
			buildSettings = {
				ALWAYS_SEARCH_USER_PATHS = NO;
				CLANG_ANALYZER_NONNULL = YES;
				CLANG_ANALYZER_NUMBER_OBJECT_CONVERSION = YES_AGGRESSIVE;
				CLANG_CXX_LANGUAGE_STANDARD = "gnu++17";
				CLANG_CXX_LIBRARY = "libc++";
				CLANG_ENABLE_MODULES = YES;
				CLANG_ENABLE_OBJC_ARC = YES;
				CLANG_ENABLE_OBJC_WEAK = YES;
				CLANG_WARN_BLOCK_CAPTURE_AUTORELEASING = YES;
				CLANG_WARN_BOOL_CONVERSION = YES;
				CLANG_WARN_COMMA = YES;
				CLANG_WARN_CONSTANT_CONVERSION = YES;
				CLANG_WARN_DEPRECATED_OBJC_IMPLEMENTATIONS = YES;
				CLANG_WARN_DIRECT_OBJC_ISA_USAGE = YES_ERROR;
				CLANG_WARN_DOCUMENTATION_COMMENTS = YES;
				CLANG_WARN_EMPTY_BODY = YES;
				CLANG_WARN_ENUM_CONVERSION = YES;
				CLANG_WARN_INFINITE_RECURSION = YES;
				CLANG_WARN_INT_CONVERSION = YES;
				CLANG_WARN_NON_LITERAL_NULL_CONVERSION = YES;
				CLANG_WARN_OBJC_IMPLICIT_RETAIN_SELF = YES;
				CLANG_WARN_OBJC_LITERAL_CONVERSION = YES;
				CLANG_WARN_OBJC_ROOT_CLASS = YES_ERROR;
				CLANG_WARN_QUOTED_INCLUDE_IN_FRAMEWORK_HEADER = YES;
				CLANG_WARN_RANGE_LOOP_ANALYSIS = YES;
				CLANG_WARN_STRICT_PROTOTYPES = YES;
				CLANG_WARN_SUSPICIOUS_MOVE = YES;
				CLANG_WARN_UNGUARDED_AVAILABILITY = YES_AGGRESSIVE;
				CLANG_WARN_UNREACHABLE_CODE = YES;
				CLANG_WARN__DUPLICATE_METHOD_MATCH = YES;
				COPY_PHASE_STRIP = NO;
				DEBUG_INFORMATION_FORMAT = "dwarf-with-dsym";
				ENABLE_NS_ASSERTIONS = NO;
				ENABLE_STRICT_OBJC_MSGSEND = YES;
				GCC_C_LANGUAGE_STANDARD = gnu11;
				GCC_NO_COMMON_BLOCKS = YES;
				GCC_WARN_64_TO_32_BIT_CONVERSION = YES;
				GCC_WARN_ABOUT_RETURN_TYPE = YES_ERROR;
				GCC_WARN_UNDECLARED_SELECTOR = YES;
				GCC_WARN_UNINITIALIZED_AUTOS = YES_AGGRESSIVE;
				GCC_WARN_UNUSED_FUNCTION = YES;
				GCC_WARN_UNUSED_VARIABLE = YES;
				IPHONEOS_DEPLOYMENT_TARGET = 15.2;
				MTL_ENABLE_DEBUG_INFO = NO;
				MTL_FAST_MATH = YES;
				SDKROOT = iphoneos;
				SWIFT_COMPILATION_MODE = wholemodule;
				SWIFT_OPTIMIZATION_LEVEL = "-O";
				VALIDATE_PRODUCT = YES;
			};
			name = Release;
		};
		A57F468427B2B1B1001C4E76 /* Debug */ = {
			isa = XCBuildConfiguration;
			buildSettings = {
				ASSETCATALOG_COMPILER_APPICON_NAME = AppIcon;
				ASSETCATALOG_COMPILER_GLOBAL_ACCENT_COLOR_NAME = AccentColor;
				CODE_SIGN_STYLE = Automatic;
				CURRENT_PROJECT_VERSION = 1;
				DEVELOPMENT_ASSET_PATHS = "\"Library app/Preview Content\"";
				ENABLE_PREVIEWS = YES;
				GENERATE_INFOPLIST_FILE = YES;
				INFOPLIST_KEY_UIApplicationSceneManifest_Generation = YES;
				INFOPLIST_KEY_UIApplicationSupportsIndirectInputEvents = YES;
				INFOPLIST_KEY_UILaunchScreen_Generation = YES;
				INFOPLIST_KEY_UISupportedInterfaceOrientations_iPad = "UIInterfaceOrientationPortrait UIInterfaceOrientationPortraitUpsideDown UIInterfaceOrientationLandscapeLeft UIInterfaceOrientationLandscapeRight";
				INFOPLIST_KEY_UISupportedInterfaceOrientations_iPhone = "UIInterfaceOrientationPortrait UIInterfaceOrientationLandscapeLeft UIInterfaceOrientationLandscapeRight";
				LD_RUNPATH_SEARCH_PATHS = (
					"$(inherited)",
					"@executable_path/Frameworks",
				);
				MARKETING_VERSION = 1.0;
				PRODUCT_BUNDLE_IDENTIFIER = "com.Pixel.Library-app";
				PRODUCT_NAME = "$(TARGET_NAME)";
				SWIFT_EMIT_LOC_STRINGS = YES;
				SWIFT_VERSION = 5.0;
				TARGETED_DEVICE_FAMILY = "1,2";
			};
			name = Debug;
		};
		A57F468527B2B1B1001C4E76 /* Release */ = {
			isa = XCBuildConfiguration;
			buildSettings = {
				ASSETCATALOG_COMPILER_APPICON_NAME = AppIcon;
				ASSETCATALOG_COMPILER_GLOBAL_ACCENT_COLOR_NAME = AccentColor;
				CODE_SIGN_STYLE = Automatic;
				CURRENT_PROJECT_VERSION = 1;
				DEVELOPMENT_ASSET_PATHS = "\"Library app/Preview Content\"";
				ENABLE_PREVIEWS = YES;
				GENERATE_INFOPLIST_FILE = YES;
				INFOPLIST_KEY_UIApplicationSceneManifest_Generation = YES;
				INFOPLIST_KEY_UIApplicationSupportsIndirectInputEvents = YES;
				INFOPLIST_KEY_UILaunchScreen_Generation = YES;
				INFOPLIST_KEY_UISupportedInterfaceOrientations_iPad = "UIInterfaceOrientationPortrait UIInterfaceOrientationPortraitUpsideDown UIInterfaceOrientationLandscapeLeft UIInterfaceOrientationLandscapeRight";
				INFOPLIST_KEY_UISupportedInterfaceOrientations_iPhone = "UIInterfaceOrientationPortrait UIInterfaceOrientationLandscapeLeft UIInterfaceOrientationLandscapeRight";
				LD_RUNPATH_SEARCH_PATHS = (
					"$(inherited)",
					"@executable_path/Frameworks",
				);
				MARKETING_VERSION = 1.0;
				PRODUCT_BUNDLE_IDENTIFIER = "com.Pixel.Library-app";
				PRODUCT_NAME = "$(TARGET_NAME)";
				SWIFT_EMIT_LOC_STRINGS = YES;
				SWIFT_VERSION = 5.0;
				TARGETED_DEVICE_FAMILY = "1,2";
			};
			name = Release;
		};
/* End XCBuildConfiguration section */

/* Begin XCConfigurationList section */
		A57F467027B2B1B0001C4E76 /* Build configuration list for PBXProject "Library app" */ = {
			isa = XCConfigurationList;
			buildConfigurations = (
				A57F468127B2B1B1001C4E76 /* Debug */,
				A57F468227B2B1B1001C4E76 /* Release */,
			);
			defaultConfigurationIsVisible = 0;
			defaultConfigurationName = Release;
		};
		A57F468327B2B1B1001C4E76 /* Build configuration list for PBXNativeTarget "Library app" */ = {
			isa = XCConfigurationList;
			buildConfigurations = (
				A57F468427B2B1B1001C4E76 /* Debug */,
				A57F468527B2B1B1001C4E76 /* Release */,
			);
			defaultConfigurationIsVisible = 0;
			defaultConfigurationName = Release;
		};
/* End XCConfigurationList section */
	};
	rootObject = A57F466D27B2B1B0001C4E76 /* Project object */;
}
